// !$*UTF8*$!
{
	archiveVersion = 1;
	classes = {
	};
	objectVersion = 60;
	objects = {

/* Begin PBXBuildFile section */
		B41C13682B82FCF900E7EC86 /* ViewCollection in Frameworks */ = {isa = PBXBuildFile; productRef = B41C13672B82FCF900E7EC86 /* ViewCollection */; };
		B43EA8792B80DDC100568440 /* SpotFileTests.swift in Sources */ = {isa = PBXBuildFile; fileRef = B43EA8782B80DDC100568440 /* SpotFileTests.swift */; };
		B43EA8812B81A2F500568440 /* SearchResultView.swift in Sources */ = {isa = PBXBuildFile; fileRef = B43EA8802B81A2F500568440 /* SearchResultView.swift */; };
		B43EA8832B81AC0F00568440 /* TextFieldView.swift in Sources */ = {isa = PBXBuildFile; fileRef = B43EA8822B81AC0F00568440 /* TextFieldView.swift */; };
		B4515B2F2B81D7D70032D032 /* SearchResultItem.swift in Sources */ = {isa = PBXBuildFile; fileRef = B4515B2E2B81D7D70032D032 /* SearchResultItem.swift */; };
		B46EBD1C2B9587660037D797 /* Query.swift in Sources */ = {isa = PBXBuildFile; fileRef = B46EBD1B2B9587660037D797 /* Query.swift */; };
		B46EBD1E2B95B4340037D797 /* SettingsSelectionInspector.swift in Sources */ = {isa = PBXBuildFile; fileRef = B46EBD1D2B95B4340037D797 /* SettingsSelectionInspector.swift */; };
		B474D9762B8EA20800A3EA7C /* QueryItemProtocol.swift in Sources */ = {isa = PBXBuildFile; fileRef = B474D9752B8EA20800A3EA7C /* QueryItemProtocol.swift */; };
		B474D97C2B8EA3A500A3EA7C /* QueryItemChild.swift in Sources */ = {isa = PBXBuildFile; fileRef = B474D97B2B8EA3A500A3EA7C /* QueryItemChild.swift */; };
		B474D97E2B8EABC100A3EA7C /* ChildOptionsView.swift in Sources */ = {isa = PBXBuildFile; fileRef = B474D97D2B8EABC100A3EA7C /* ChildOptionsView.swift */; };
		B47C28542B6F257E006BB7FE /* SpotFileApp.swift in Sources */ = {isa = PBXBuildFile; fileRef = B47C28532B6F257E006BB7FE /* SpotFileApp.swift */; };
		B47C28562B6F257E006BB7FE /* ContentView.swift in Sources */ = {isa = PBXBuildFile; fileRef = B47C28552B6F257E006BB7FE /* ContentView.swift */; };
		B47C28582B6F257F006BB7FE /* Assets.xcassets in Resources */ = {isa = PBXBuildFile; fileRef = B47C28572B6F257F006BB7FE /* Assets.xcassets */; };
		B47C285B2B6F257F006BB7FE /* Preview Assets.xcassets in Resources */ = {isa = PBXBuildFile; fileRef = B47C285A2B6F257F006BB7FE /* Preview Assets.xcassets */; };
		B48B96A72B6F591800FCC2C4 /* DataProvider.swift in Sources */ = {isa = PBXBuildFile; fileRef = B48B96A62B6F591800FCC2C4 /* DataProvider.swift */; };
		B4B20B902B807D9200A469DB /* SettingsSelectionView.swift in Sources */ = {isa = PBXBuildFile; fileRef = B4B20B8F2B807D9200A469DB /* SettingsSelectionView.swift */; };
		B4CB673A2B9333A6008F7615 /* Localizable.xcstrings in Resources */ = {isa = PBXBuildFile; fileRef = B4CB67392B9333A6008F7615 /* Localizable.xcstrings */; };
		B4DE34922B6F58C200BB752B /* ModelProvider.swift in Sources */ = {isa = PBXBuildFile; fileRef = B4DE34912B6F58C200BB752B /* ModelProvider.swift */; };
		B4DF9BA62B79CB5900B805A9 /* SettingsView.swift in Sources */ = {isa = PBXBuildFile; fileRef = B4DF9BA52B79CB5900B805A9 /* SettingsView.swift */; };
		B4FAF3F92B6F3EB400DBC07E /* ViewCollection in Frameworks */ = {isa = PBXBuildFile; productRef = B4FAF3F82B6F3EB400DBC07E /* ViewCollection */; };
		B4FAF3FB2B6F458000DBC07E /* MenuBarStyleButton.swift in Sources */ = {isa = PBXBuildFile; fileRef = B4FAF3FA2B6F458000DBC07E /* MenuBarStyleButton.swift */; };
		B4FAF3FD2B6F495100DBC07E /* QueryItem.swift in Sources */ = {isa = PBXBuildFile; fileRef = B4FAF3FC2B6F495100DBC07E /* QueryItem.swift */; };
/* End PBXBuildFile section */

/* Begin PBXContainerItemProxy section */
		B43EA87A2B80DDC100568440 /* PBXContainerItemProxy */ = {
			isa = PBXContainerItemProxy;
			containerPortal = B47C28482B6F257E006BB7FE /* Project object */;
			proxyType = 1;
			remoteGlobalIDString = B47C284F2B6F257E006BB7FE;
			remoteInfo = SpotFile;
		};
/* End PBXContainerItemProxy section */

/* Begin PBXFileReference section */
		B43EA8762B80DDC100568440 /* SpotFileTests.xctest */ = {isa = PBXFileReference; explicitFileType = wrapper.cfbundle; includeInIndex = 0; path = SpotFileTests.xctest; sourceTree = BUILT_PRODUCTS_DIR; };
		B43EA8782B80DDC100568440 /* SpotFileTests.swift */ = {isa = PBXFileReference; lastKnownFileType = sourcecode.swift; path = SpotFileTests.swift; sourceTree = "<group>"; };
		B43EA87F2B80DE1D00568440 /* SpotFileTests.xctestplan */ = {isa = PBXFileReference; lastKnownFileType = text; path = SpotFileTests.xctestplan; sourceTree = "<group>"; };
		B43EA8802B81A2F500568440 /* SearchResultView.swift */ = {isa = PBXFileReference; lastKnownFileType = sourcecode.swift; path = SearchResultView.swift; sourceTree = "<group>"; };
		B43EA8822B81AC0F00568440 /* TextFieldView.swift */ = {isa = PBXFileReference; lastKnownFileType = sourcecode.swift; path = TextFieldView.swift; sourceTree = "<group>"; };
		B4515B2E2B81D7D70032D032 /* SearchResultItem.swift */ = {isa = PBXFileReference; lastKnownFileType = sourcecode.swift; path = SearchResultItem.swift; sourceTree = "<group>"; };
		B46EBD1B2B9587660037D797 /* Query.swift */ = {isa = PBXFileReference; lastKnownFileType = sourcecode.swift; path = Query.swift; sourceTree = "<group>"; };
		B46EBD1D2B95B4340037D797 /* SettingsSelectionInspector.swift */ = {isa = PBXFileReference; lastKnownFileType = sourcecode.swift; path = SettingsSelectionInspector.swift; sourceTree = "<group>"; };
		B474D9752B8EA20800A3EA7C /* QueryItemProtocol.swift */ = {isa = PBXFileReference; lastKnownFileType = sourcecode.swift; path = QueryItemProtocol.swift; sourceTree = "<group>"; };
		B474D97B2B8EA3A500A3EA7C /* QueryItemChild.swift */ = {isa = PBXFileReference; lastKnownFileType = sourcecode.swift; path = QueryItemChild.swift; sourceTree = "<group>"; };
		B474D97D2B8EABC100A3EA7C /* ChildOptionsView.swift */ = {isa = PBXFileReference; lastKnownFileType = sourcecode.swift; path = ChildOptionsView.swift; sourceTree = "<group>"; };
		B47C28502B6F257E006BB7FE /* SpotFile.app */ = {isa = PBXFileReference; explicitFileType = wrapper.application; includeInIndex = 0; path = SpotFile.app; sourceTree = BUILT_PRODUCTS_DIR; };
		B47C28532B6F257E006BB7FE /* SpotFileApp.swift */ = {isa = PBXFileReference; lastKnownFileType = sourcecode.swift; path = SpotFileApp.swift; sourceTree = "<group>"; };
		B47C28552B6F257E006BB7FE /* ContentView.swift */ = {isa = PBXFileReference; lastKnownFileType = sourcecode.swift; path = ContentView.swift; sourceTree = "<group>"; };
		B47C28572B6F257F006BB7FE /* Assets.xcassets */ = {isa = PBXFileReference; lastKnownFileType = folder.assetcatalog; path = Assets.xcassets; sourceTree = "<group>"; };
		B47C285A2B6F257F006BB7FE /* Preview Assets.xcassets */ = {isa = PBXFileReference; lastKnownFileType = folder.assetcatalog; path = "Preview Assets.xcassets"; sourceTree = "<group>"; };
		B47C285C2B6F257F006BB7FE /* SpotFile.entitlements */ = {isa = PBXFileReference; lastKnownFileType = text.plist.entitlements; path = SpotFile.entitlements; sourceTree = "<group>"; };
		B48B96A62B6F591800FCC2C4 /* DataProvider.swift */ = {isa = PBXFileReference; fileEncoding = 4; lastKnownFileType = sourcecode.swift; path = DataProvider.swift; sourceTree = "<group>"; };
		B4B20B8F2B807D9200A469DB /* SettingsSelectionView.swift */ = {isa = PBXFileReference; lastKnownFileType = sourcecode.swift; path = SettingsSelectionView.swift; sourceTree = "<group>"; };
		B4CB67392B9333A6008F7615 /* Localizable.xcstrings */ = {isa = PBXFileReference; lastKnownFileType = text.json.xcstrings; path = Localizable.xcstrings; sourceTree = "<group>"; };
		B4DE34912B6F58C200BB752B /* ModelProvider.swift */ = {isa = PBXFileReference; lastKnownFileType = sourcecode.swift; path = ModelProvider.swift; sourceTree = "<group>"; };
		B4DF9BA52B79CB5900B805A9 /* SettingsView.swift */ = {isa = PBXFileReference; lastKnownFileType = sourcecode.swift; path = SettingsView.swift; sourceTree = "<group>"; };
		B4FAF3FA2B6F458000DBC07E /* MenuBarStyleButton.swift */ = {isa = PBXFileReference; lastKnownFileType = sourcecode.swift; path = MenuBarStyleButton.swift; sourceTree = "<group>"; };
		B4FAF3FC2B6F495100DBC07E /* QueryItem.swift */ = {isa = PBXFileReference; lastKnownFileType = sourcecode.swift; path = QueryItem.swift; sourceTree = "<group>"; };
/* End PBXFileReference section */

/* Begin PBXFrameworksBuildPhase section */
		B43EA8732B80DDC100568440 /* Frameworks */ = {
			isa = PBXFrameworksBuildPhase;
			buildActionMask = 2147483647;
			files = (
			);
			runOnlyForDeploymentPostprocessing = 0;
		};
		B47C284D2B6F257E006BB7FE /* Frameworks */ = {
			isa = PBXFrameworksBuildPhase;
			buildActionMask = 2147483647;
			files = (
				B4FAF3F92B6F3EB400DBC07E /* ViewCollection in Frameworks */,
				B41C13682B82FCF900E7EC86 /* ViewCollection in Frameworks */,
			);
			runOnlyForDeploymentPostprocessing = 0;
		};
/* End PBXFrameworksBuildPhase section */

/* Begin PBXGroup section */
		B43EA8772B80DDC100568440 /* SpotFileTests */ = {
			isa = PBXGroup;
			children = (
				B43EA8782B80DDC100568440 /* SpotFileTests.swift */,
				B43EA87F2B80DE1D00568440 /* SpotFileTests.xctestplan */,
			);
			path = SpotFileTests;
			sourceTree = "<group>";
		};
		B47C28472B6F257E006BB7FE = {
			isa = PBXGroup;
			children = (
				B47C28522B6F257E006BB7FE /* SpotFile */,
				B43EA8772B80DDC100568440 /* SpotFileTests */,
				B47C28512B6F257E006BB7FE /* Products */,
			);
			sourceTree = "<group>";
		};
		B47C28512B6F257E006BB7FE /* Products */ = {
			isa = PBXGroup;
			children = (
				B47C28502B6F257E006BB7FE /* SpotFile.app */,
				B43EA8762B80DDC100568440 /* SpotFileTests.xctest */,
			);
			name = Products;
			sourceTree = "<group>";
		};
		B47C28522B6F257E006BB7FE /* SpotFile */ = {
			isa = PBXGroup;
			children = (
				B47C28532B6F257E006BB7FE /* SpotFileApp.swift */,
				B47C28632B6F2597006BB7FE /* Views */,
				B4FAF3F22B6F3A0100DBC07E /* Structures */,
				B47C28622B6F2588006BB7FE /* Assets */,
			);
			path = SpotFile;
			sourceTree = "<group>";
		};
		B47C28592B6F257F006BB7FE /* Preview Content */ = {
			isa = PBXGroup;
			children = (
				B47C285A2B6F257F006BB7FE /* Preview Assets.xcassets */,
			);
			path = "Preview Content";
			sourceTree = "<group>";
		};
		B47C28622B6F2588006BB7FE /* Assets */ = {
			isa = PBXGroup;
			children = (
				B47C28572B6F257F006BB7FE /* Assets.xcassets */,
				B47C285C2B6F257F006BB7FE /* SpotFile.entitlements */,
				B47C28592B6F257F006BB7FE /* Preview Content */,
				B4CB67392B9333A6008F7615 /* Localizable.xcstrings */,
			);
			path = Assets;
			sourceTree = "<group>";
		};
		B47C28632B6F2597006BB7FE /* Views */ = {
			isa = PBXGroup;
			children = (
				B47C28552B6F257E006BB7FE /* ContentView.swift */,
				B4DF9BA52B79CB5900B805A9 /* SettingsView.swift */,
				B4B20B8F2B807D9200A469DB /* SettingsSelectionView.swift */,
				B46EBD1D2B95B4340037D797 /* SettingsSelectionInspector.swift */,
				B474D97D2B8EABC100A3EA7C /* ChildOptionsView.swift */,
				B43EA8802B81A2F500568440 /* SearchResultView.swift */,
				B4515B2E2B81D7D70032D032 /* SearchResultItem.swift */,
				B4FAF3FA2B6F458000DBC07E /* MenuBarStyleButton.swift */,
				B43EA8822B81AC0F00568440 /* TextFieldView.swift */,
			);
			path = Views;
			sourceTree = "<group>";
		};
		B4FAF3F22B6F3A0100DBC07E /* Structures */ = {
			isa = PBXGroup;
			children = (
				B474D9752B8EA20800A3EA7C /* QueryItemProtocol.swift */,
				B4FAF3FC2B6F495100DBC07E /* QueryItem.swift */,
				B474D97B2B8EA3A500A3EA7C /* QueryItemChild.swift */,
				B46EBD1B2B9587660037D797 /* Query.swift */,
				B4DE34912B6F58C200BB752B /* ModelProvider.swift */,
				B48B96A62B6F591800FCC2C4 /* DataProvider.swift */,
			);
			path = Structures;
			sourceTree = "<group>";
		};
/* End PBXGroup section */

/* Begin PBXNativeTarget section */
		B43EA8752B80DDC100568440 /* SpotFileTests */ = {
			isa = PBXNativeTarget;
			buildConfigurationList = B43EA87C2B80DDC100568440 /* Build configuration list for PBXNativeTarget "SpotFileTests" */;
			buildPhases = (
				B43EA8722B80DDC100568440 /* Sources */,
				B43EA8732B80DDC100568440 /* Frameworks */,
				B43EA8742B80DDC100568440 /* Resources */,
			);
			buildRules = (
			);
			dependencies = (
				B43EA87B2B80DDC100568440 /* PBXTargetDependency */,
			);
			name = SpotFileTests;
			productName = SpotFileTests;
			productReference = B43EA8762B80DDC100568440 /* SpotFileTests.xctest */;
			productType = "com.apple.product-type.bundle.unit-test";
		};
		B47C284F2B6F257E006BB7FE /* SpotFile */ = {
			isa = PBXNativeTarget;
			buildConfigurationList = B47C285F2B6F257F006BB7FE /* Build configuration list for PBXNativeTarget "SpotFile" */;
			buildPhases = (
				B47C284C2B6F257E006BB7FE /* Sources */,
				B47C284D2B6F257E006BB7FE /* Frameworks */,
				B47C284E2B6F257E006BB7FE /* Resources */,
			);
			buildRules = (
			);
			dependencies = (
			);
			name = SpotFile;
			packageProductDependencies = (
				B4FAF3F82B6F3EB400DBC07E /* ViewCollection */,
				B41C13672B82FCF900E7EC86 /* ViewCollection */,
			);
			productName = SpotFile;
			productReference = B47C28502B6F257E006BB7FE /* SpotFile.app */;
			productType = "com.apple.product-type.application";
		};
/* End PBXNativeTarget section */

/* Begin PBXProject section */
		B47C28482B6F257E006BB7FE /* Project object */ = {
			isa = PBXProject;
			attributes = {
				BuildIndependentTargetsInParallel = 1;
				LastSwiftUpdateCheck = 1520;
				LastUpgradeCheck = 1530;
				TargetAttributes = {
					B43EA8752B80DDC100568440 = {
						CreatedOnToolsVersion = 15.2;
						TestTargetID = B47C284F2B6F257E006BB7FE;
					};
					B47C284F2B6F257E006BB7FE = {
						CreatedOnToolsVersion = 15.2;
					};
				};
			};
			buildConfigurationList = B47C284B2B6F257E006BB7FE /* Build configuration list for PBXProject "SpotFile" */;
			compatibilityVersion = "Xcode 14.0";
			developmentRegion = en;
			hasScannedForEncodings = 0;
			knownRegions = (
				en,
				Base,
			);
			mainGroup = B47C28472B6F257E006BB7FE;
			packageReferences = (
				B447F6C92BBC2AB7000E8DCB /* XCLocalSwiftPackageReference "../../Packages/ViewCollection" */,
			);
			productRefGroup = B47C28512B6F257E006BB7FE /* Products */;
			projectDirPath = "";
			projectRoot = "";
			targets = (
				B47C284F2B6F257E006BB7FE /* SpotFile */,
				B43EA8752B80DDC100568440 /* SpotFileTests */,
			);
		};
/* End PBXProject section */

/* Begin PBXResourcesBuildPhase section */
		B43EA8742B80DDC100568440 /* Resources */ = {
			isa = PBXResourcesBuildPhase;
			buildActionMask = 2147483647;
			files = (
			);
			runOnlyForDeploymentPostprocessing = 0;
		};
		B47C284E2B6F257E006BB7FE /* Resources */ = {
			isa = PBXResourcesBuildPhase;
			buildActionMask = 2147483647;
			files = (
				B47C285B2B6F257F006BB7FE /* Preview Assets.xcassets in Resources */,
				B47C28582B6F257F006BB7FE /* Assets.xcassets in Resources */,
				B4CB673A2B9333A6008F7615 /* Localizable.xcstrings in Resources */,
			);
			runOnlyForDeploymentPostprocessing = 0;
		};
/* End PBXResourcesBuildPhase section */

/* Begin PBXSourcesBuildPhase section */
		B43EA8722B80DDC100568440 /* Sources */ = {
			isa = PBXSourcesBuildPhase;
			buildActionMask = 2147483647;
			files = (
				B43EA8792B80DDC100568440 /* SpotFileTests.swift in Sources */,
			);
			runOnlyForDeploymentPostprocessing = 0;
		};
		B47C284C2B6F257E006BB7FE /* Sources */ = {
			isa = PBXSourcesBuildPhase;
			buildActionMask = 2147483647;
			files = (
				B4B20B902B807D9200A469DB /* SettingsSelectionView.swift in Sources */,
				B474D9762B8EA20800A3EA7C /* QueryItemProtocol.swift in Sources */,
				B46EBD1E2B95B4340037D797 /* SettingsSelectionInspector.swift in Sources */,
				B474D97C2B8EA3A500A3EA7C /* QueryItemChild.swift in Sources */,
				B4DF9BA62B79CB5900B805A9 /* SettingsView.swift in Sources */,
				B48B96A72B6F591800FCC2C4 /* DataProvider.swift in Sources */,
				B47C28562B6F257E006BB7FE /* ContentView.swift in Sources */,
				B4DE34922B6F58C200BB752B /* ModelProvider.swift in Sources */,
				B47C28542B6F257E006BB7FE /* SpotFileApp.swift in Sources */,
				B4515B2F2B81D7D70032D032 /* SearchResultItem.swift in Sources */,
				B43EA8832B81AC0F00568440 /* TextFieldView.swift in Sources */,
				B474D97E2B8EABC100A3EA7C /* ChildOptionsView.swift in Sources */,
				B4FAF3FB2B6F458000DBC07E /* MenuBarStyleButton.swift in Sources */,
				B43EA8812B81A2F500568440 /* SearchResultView.swift in Sources */,
				B46EBD1C2B9587660037D797 /* Query.swift in Sources */,
				B4FAF3FD2B6F495100DBC07E /* QueryItem.swift in Sources */,
			);
			runOnlyForDeploymentPostprocessing = 0;
		};
/* End PBXSourcesBuildPhase section */

/* Begin PBXTargetDependency section */
		B43EA87B2B80DDC100568440 /* PBXTargetDependency */ = {
			isa = PBXTargetDependency;
			target = B47C284F2B6F257E006BB7FE /* SpotFile */;
			targetProxy = B43EA87A2B80DDC100568440 /* PBXContainerItemProxy */;
		};
/* End PBXTargetDependency section */

/* Begin XCBuildConfiguration section */
		B43EA87D2B80DDC100568440 /* Debug */ = {
			isa = XCBuildConfiguration;
			buildSettings = {
				BUNDLE_LOADER = "$(TEST_HOST)";
				CODE_SIGN_STYLE = Automatic;
				CURRENT_PROJECT_VERSION = 21;
				DEAD_CODE_STRIPPING = YES;
				DEVELOPMENT_TEAM = UJK52W4D7G;
				GENERATE_INFOPLIST_FILE = YES;
				MARKETING_VERSION = 1.0;
				PRODUCT_BUNDLE_IDENTIFIER = Vaida.app.SpotFileTests;
				PRODUCT_NAME = "$(TARGET_NAME)";
				SWIFT_EMIT_LOC_STRINGS = NO;
				SWIFT_VERSION = 5.0;
				TEST_HOST = "$(BUILT_PRODUCTS_DIR)/SpotFile.app/$(BUNDLE_EXECUTABLE_FOLDER_PATH)/SpotFile";
			};
			name = Debug;
		};
		B43EA87E2B80DDC100568440 /* Release */ = {
			isa = XCBuildConfiguration;
			buildSettings = {
				BUNDLE_LOADER = "$(TEST_HOST)";
				CODE_SIGN_STYLE = Automatic;
				CURRENT_PROJECT_VERSION = 21;
				DEAD_CODE_STRIPPING = YES;
				DEVELOPMENT_TEAM = UJK52W4D7G;
				GENERATE_INFOPLIST_FILE = YES;
				MARKETING_VERSION = 1.0;
				PRODUCT_BUNDLE_IDENTIFIER = Vaida.app.SpotFileTests;
				PRODUCT_NAME = "$(TARGET_NAME)";
				SWIFT_EMIT_LOC_STRINGS = NO;
				SWIFT_VERSION = 5.0;
				TEST_HOST = "$(BUILT_PRODUCTS_DIR)/SpotFile.app/$(BUNDLE_EXECUTABLE_FOLDER_PATH)/SpotFile";
			};
			name = Release;
		};
		B47C285D2B6F257F006BB7FE /* Debug */ = {
			isa = XCBuildConfiguration;
			buildSettings = {
				ALWAYS_SEARCH_USER_PATHS = NO;
				ASSETCATALOG_COMPILER_GENERATE_SWIFT_ASSET_SYMBOL_EXTENSIONS = YES;
				CLANG_ANALYZER_NONNULL = YES;
				CLANG_ANALYZER_NUMBER_OBJECT_CONVERSION = YES_AGGRESSIVE;
				CLANG_CXX_LANGUAGE_STANDARD = "gnu++20";
				CLANG_ENABLE_MODULES = YES;
				CLANG_ENABLE_OBJC_ARC = YES;
				CLANG_ENABLE_OBJC_WEAK = YES;
				CLANG_WARN_BLOCK_CAPTURE_AUTORELEASING = YES;
				CLANG_WARN_BOOL_CONVERSION = YES;
				CLANG_WARN_COMMA = YES;
				CLANG_WARN_CONSTANT_CONVERSION = YES;
				CLANG_WARN_DEPRECATED_OBJC_IMPLEMENTATIONS = YES;
				CLANG_WARN_DIRECT_OBJC_ISA_USAGE = YES_ERROR;
				CLANG_WARN_DOCUMENTATION_COMMENTS = YES;
				CLANG_WARN_EMPTY_BODY = YES;
				CLANG_WARN_ENUM_CONVERSION = YES;
				CLANG_WARN_INFINITE_RECURSION = YES;
				CLANG_WARN_INT_CONVERSION = YES;
				CLANG_WARN_NON_LITERAL_NULL_CONVERSION = YES;
				CLANG_WARN_OBJC_IMPLICIT_RETAIN_SELF = YES;
				CLANG_WARN_OBJC_LITERAL_CONVERSION = YES;
				CLANG_WARN_OBJC_ROOT_CLASS = YES_ERROR;
				CLANG_WARN_QUOTED_INCLUDE_IN_FRAMEWORK_HEADER = YES;
				CLANG_WARN_RANGE_LOOP_ANALYSIS = YES;
				CLANG_WARN_STRICT_PROTOTYPES = YES;
				CLANG_WARN_SUSPICIOUS_MOVE = YES;
				CLANG_WARN_UNGUARDED_AVAILABILITY = YES_AGGRESSIVE;
				CLANG_WARN_UNREACHABLE_CODE = YES;
				CLANG_WARN__DUPLICATE_METHOD_MATCH = YES;
				COPY_PHASE_STRIP = NO;
				DEAD_CODE_STRIPPING = YES;
				DEBUG_INFORMATION_FORMAT = dwarf;
				ENABLE_STRICT_OBJC_MSGSEND = YES;
				ENABLE_TESTABILITY = YES;
				ENABLE_USER_SCRIPT_SANDBOXING = YES;
				GCC_C_LANGUAGE_STANDARD = gnu17;
				GCC_DYNAMIC_NO_PIC = NO;
				GCC_NO_COMMON_BLOCKS = YES;
				GCC_OPTIMIZATION_LEVEL = 0;
				GCC_PREPROCESSOR_DEFINITIONS = (
					"DEBUG=1",
					"$(inherited)",
				);
				GCC_WARN_64_TO_32_BIT_CONVERSION = YES;
				GCC_WARN_ABOUT_RETURN_TYPE = YES_ERROR;
				GCC_WARN_UNDECLARED_SELECTOR = YES;
				GCC_WARN_UNINITIALIZED_AUTOS = YES_AGGRESSIVE;
				GCC_WARN_UNUSED_FUNCTION = YES;
				GCC_WARN_UNUSED_VARIABLE = YES;
				LOCALIZATION_PREFERS_STRING_CATALOGS = YES;
				MACOSX_DEPLOYMENT_TARGET = 14.2;
				MTL_ENABLE_DEBUG_INFO = INCLUDE_SOURCE;
				MTL_FAST_MATH = YES;
				ONLY_ACTIVE_ARCH = YES;
				SDKROOT = macosx;
				SWIFT_ACTIVE_COMPILATION_CONDITIONS = "DEBUG $(inherited)";
				SWIFT_OPTIMIZATION_LEVEL = "-Onone";
			};
			name = Debug;
		};
		B47C285E2B6F257F006BB7FE /* Release */ = {
			isa = XCBuildConfiguration;
			buildSettings = {
				ALWAYS_SEARCH_USER_PATHS = NO;
				ASSETCATALOG_COMPILER_GENERATE_SWIFT_ASSET_SYMBOL_EXTENSIONS = YES;
				CLANG_ANALYZER_NONNULL = YES;
				CLANG_ANALYZER_NUMBER_OBJECT_CONVERSION = YES_AGGRESSIVE;
				CLANG_CXX_LANGUAGE_STANDARD = "gnu++20";
				CLANG_ENABLE_MODULES = YES;
				CLANG_ENABLE_OBJC_ARC = YES;
				CLANG_ENABLE_OBJC_WEAK = YES;
				CLANG_WARN_BLOCK_CAPTURE_AUTORELEASING = YES;
				CLANG_WARN_BOOL_CONVERSION = YES;
				CLANG_WARN_COMMA = YES;
				CLANG_WARN_CONSTANT_CONVERSION = YES;
				CLANG_WARN_DEPRECATED_OBJC_IMPLEMENTATIONS = YES;
				CLANG_WARN_DIRECT_OBJC_ISA_USAGE = YES_ERROR;
				CLANG_WARN_DOCUMENTATION_COMMENTS = YES;
				CLANG_WARN_EMPTY_BODY = YES;
				CLANG_WARN_ENUM_CONVERSION = YES;
				CLANG_WARN_INFINITE_RECURSION = YES;
				CLANG_WARN_INT_CONVERSION = YES;
				CLANG_WARN_NON_LITERAL_NULL_CONVERSION = YES;
				CLANG_WARN_OBJC_IMPLICIT_RETAIN_SELF = YES;
				CLANG_WARN_OBJC_LITERAL_CONVERSION = YES;
				CLANG_WARN_OBJC_ROOT_CLASS = YES_ERROR;
				CLANG_WARN_QUOTED_INCLUDE_IN_FRAMEWORK_HEADER = YES;
				CLANG_WARN_RANGE_LOOP_ANALYSIS = YES;
				CLANG_WARN_STRICT_PROTOTYPES = YES;
				CLANG_WARN_SUSPICIOUS_MOVE = YES;
				CLANG_WARN_UNGUARDED_AVAILABILITY = YES_AGGRESSIVE;
				CLANG_WARN_UNREACHABLE_CODE = YES;
				CLANG_WARN__DUPLICATE_METHOD_MATCH = YES;
				COPY_PHASE_STRIP = NO;
				DEAD_CODE_STRIPPING = YES;
				DEBUG_INFORMATION_FORMAT = "dwarf-with-dsym";
				ENABLE_NS_ASSERTIONS = NO;
				ENABLE_STRICT_OBJC_MSGSEND = YES;
				ENABLE_USER_SCRIPT_SANDBOXING = YES;
				GCC_C_LANGUAGE_STANDARD = gnu17;
				GCC_NO_COMMON_BLOCKS = YES;
				GCC_WARN_64_TO_32_BIT_CONVERSION = YES;
				GCC_WARN_ABOUT_RETURN_TYPE = YES_ERROR;
				GCC_WARN_UNDECLARED_SELECTOR = YES;
				GCC_WARN_UNINITIALIZED_AUTOS = YES_AGGRESSIVE;
				GCC_WARN_UNUSED_FUNCTION = YES;
				GCC_WARN_UNUSED_VARIABLE = YES;
				LOCALIZATION_PREFERS_STRING_CATALOGS = YES;
				MACOSX_DEPLOYMENT_TARGET = 14.2;
				MTL_ENABLE_DEBUG_INFO = NO;
				MTL_FAST_MATH = YES;
				SDKROOT = macosx;
				SWIFT_COMPILATION_MODE = wholemodule;
			};
			name = Release;
		};
		B47C28602B6F257F006BB7FE /* Debug */ = {
			isa = XCBuildConfiguration;
			buildSettings = {
				ASSETCATALOG_COMPILER_APPICON_NAME = AppIcon;
				ASSETCATALOG_COMPILER_GLOBAL_ACCENT_COLOR_NAME = AccentColor;
				CODE_SIGN_ENTITLEMENTS = SpotFile/Assets/SpotFile.entitlements;
				CODE_SIGN_STYLE = Automatic;
				COMBINE_HIDPI_IMAGES = YES;
				CURRENT_PROJECT_VERSION = 21;
				DEAD_CODE_STRIPPING = YES;
				DEVELOPMENT_ASSET_PATHS = "\"SpotFile/Assets/Preview Content\"";
				DEVELOPMENT_TEAM = UJK52W4D7G;
				ENABLE_HARDENED_RUNTIME = YES;
				ENABLE_PREVIEWS = YES;
				GENERATE_INFOPLIST_FILE = YES;
				INFOPLIST_KEY_LSApplicationCategoryType = "public.app-category.utilities";
				INFOPLIST_KEY_LSUIElement = YES;
				INFOPLIST_KEY_NSHumanReadableCopyright = "© Vaida";
				LD_RUNPATH_SEARCH_PATHS = (
					"$(inherited)",
					"@executable_path/../Frameworks",
				);
				MARKETING_VERSION = 1.0;
				PRODUCT_BUNDLE_IDENTIFIER = Vaida.app.SpotFile;
				PRODUCT_NAME = "$(TARGET_NAME)";
				SWIFT_EMIT_LOC_STRINGS = YES;
				SWIFT_VERSION = 5.0;
			};
			name = Debug;
		};
		B47C28612B6F257F006BB7FE /* Release */ = {
			isa = XCBuildConfiguration;
			buildSettings = {
				ASSETCATALOG_COMPILER_APPICON_NAME = AppIcon;
				ASSETCATALOG_COMPILER_GLOBAL_ACCENT_COLOR_NAME = AccentColor;
				CODE_SIGN_ENTITLEMENTS = SpotFile/Assets/SpotFile.entitlements;
				CODE_SIGN_STYLE = Automatic;
				COMBINE_HIDPI_IMAGES = YES;
				CURRENT_PROJECT_VERSION = 21;
				DEAD_CODE_STRIPPING = YES;
				DEVELOPMENT_ASSET_PATHS = "\"SpotFile/Assets/Preview Content\"";
				DEVELOPMENT_TEAM = UJK52W4D7G;
				ENABLE_HARDENED_RUNTIME = YES;
				ENABLE_PREVIEWS = YES;
				GENERATE_INFOPLIST_FILE = YES;
				INFOPLIST_KEY_LSApplicationCategoryType = "public.app-category.utilities";
				INFOPLIST_KEY_LSUIElement = YES;
				INFOPLIST_KEY_NSHumanReadableCopyright = "© Vaida";
				LD_RUNPATH_SEARCH_PATHS = (
					"$(inherited)",
					"@executable_path/../Frameworks",
				);
				MARKETING_VERSION = 1.0;
				PRODUCT_BUNDLE_IDENTIFIER = Vaida.app.SpotFile;
				PRODUCT_NAME = "$(TARGET_NAME)";
				SWIFT_EMIT_LOC_STRINGS = YES;
				SWIFT_VERSION = 5.0;
			};
			name = Release;
		};
/* End XCBuildConfiguration section */

/* Begin XCConfigurationList section */
		B43EA87C2B80DDC100568440 /* Build configuration list for PBXNativeTarget "SpotFileTests" */ = {
			isa = XCConfigurationList;
			buildConfigurations = (
				B43EA87D2B80DDC100568440 /* Debug */,
				B43EA87E2B80DDC100568440 /* Release */,
			);
			defaultConfigurationIsVisible = 0;
			defaultConfigurationName = Release;
		};
		B47C284B2B6F257E006BB7FE /* Build configuration list for PBXProject "SpotFile" */ = {
			isa = XCConfigurationList;
			buildConfigurations = (
				B47C285D2B6F257F006BB7FE /* Debug */,
				B47C285E2B6F257F006BB7FE /* Release */,
			);
			defaultConfigurationIsVisible = 0;
			defaultConfigurationName = Release;
		};
		B47C285F2B6F257F006BB7FE /* Build configuration list for PBXNativeTarget "SpotFile" */ = {
			isa = XCConfigurationList;
			buildConfigurations = (
				B47C28602B6F257F006BB7FE /* Debug */,
				B47C28612B6F257F006BB7FE /* Release */,
			);
			defaultConfigurationIsVisible = 0;
			defaultConfigurationName = Release;
		};
/* End XCConfigurationList section */

/* Begin XCLocalSwiftPackageReference section */
		B447F6C92BBC2AB7000E8DCB /* XCLocalSwiftPackageReference "../../Packages/ViewCollection" */ = {
			isa = XCLocalSwiftPackageReference;
			relativePath = ../../Packages/ViewCollection;
		};
/* End XCLocalSwiftPackageReference section */

/* Begin XCSwiftPackageProductDependency section */
		B41C13672B82FCF900E7EC86 /* ViewCollection */ = {
			isa = XCSwiftPackageProductDependency;
			productName = ViewCollection;
		};
		B4FAF3F82B6F3EB400DBC07E /* ViewCollection */ = {
			isa = XCSwiftPackageProductDependency;
			productName = ViewCollection;
		};
/* End XCSwiftPackageProductDependency section */
	};
	rootObject = B47C28482B6F257E006BB7FE /* Project object */;
}
