{
  "originHash" : "cc0176a35209c0e087221b139073a793f92d5e0b07c533bf92b263f4f595e999",
  "pins" : [
    {
      "identity" : "concurrentstream",
      "kind" : "remoteSourceControl",
      "location" : "https://github.com/Vaida12345/ConcurrentStream",
      "state" : {
        "revision" : "f7f52360f322efc754c911b9c83df423055a694e",
        "version" : "1.0.1"
      }
    },
    {
      "identity" : "detaileddescription",
      "kind" : "remoteSourceControl",
      "location" : "https://www.github.com/Vaida12345/DetailedDescription",
      "state" : {
        "revision" : "0c5fbe3befeb9cfa5af2741796b4b560744c44dd",
        "version" : "2.0.8"
      }
    },
    {
      "identity" : "essentials",
      "kind" : "remoteSourceControl",
      "location" : "https://www.github.com/Vaida12345/Essentials",
      "state" : {
        "revision" : "d0beafc3d2e72d7e094a26c20ee5db6dfd86122c",
        "version" : "1.1.2"
      }
    },
    {
      "identity" : "finderitem",
      "kind" : "remoteSourceControl",
      "location" : "https://github.com/Vaida12345/FinderItem",
      "state" : {
        "revision" : "94ba16863c27100b6bdb8a20fa66dd4f88f6d2ec",
        "version" : "1.0.24"
      }
    },
    {
      "identity" : "macrocollection",
      "kind" : "remoteSourceControl",
      "location" : "https://github.com/Vaida12345/MacroCollection",
      "state" : {
        "revision" : "f1e20b4e3da444fddc278e800da683bfe1706475",
        "version" : "1.0.1"
      }
    },
    {
      "identity" : "macroessentials",
      "kind" : "remoteSourceControl",
      "location" : "https://github.com/Vaida12345/MacroEssentials",
      "state" : {
        "revision" : "7c9b1fac6d237c24523627378704717a900c3c9d",
        "version" : "1.0.0"
      }
    },
    {
      "identity" : "nativeimage",
      "kind" : "remoteSourceControl",
      "location" : "https://www.github.com/Vaida12345/NativeImage",
      "state" : {
        "revision" : "c3c562710f058caa9fcbaba2c20ba3e3f404d7ec",
        "version" : "1.0.2"
      }
    },
    {
      "identity" : "swift-syntax",
      "kind" : "remoteSourceControl",
      "location" : "https://github.com/apple/swift-syntax.git",
      "state" : {
        "revision" : "f99ae8aa18f0cf0d53481901f88a0991dc3bd4a2",
        "version" : "601.0.1"
      }
    },
    {
      "identity" : "undotracking",
      "kind" : "remoteSourceControl",
      "location" : "https://github.com/Vaida12345/UndoTracking",
      "state" : {
        "branch" : "main",
        "revision" : "0bd3cf79af6ba685d5e89956905d35efa997815d"
      }
    },
    {
      "identity" : "viewcollection",
      "kind" : "remoteSourceControl",
      "location" : "https://github.com/Vaida12345/ViewCollection",
      "state" : {
        "revision" : "7d9147dba961da47ef2b7ce9bfa18e9aaab3800f",
        "version" : "1.1.15"
      }
    }
  ],
  "version" : 3
}
